
Microsoft Visual Studio Solution File, Format Version 12.00
# Visual Studio 2012
Project("{FAE04EC0-301F-11D3-BF4B-00C04F79EFBC}") = "Bank", "Bank\Bank.csproj", "{08F67832-5949-4701-8F1D-1908FB6F956A}"
EndProject
Project("{FAE04EC0-301F-11D3-BF4B-00C04F79EFBC}") = "BankTesting", "BankTesting\BankTesting.csproj", "{F8C35AA4-B362-4EA3-AE23-5506E43175AD}"
EndProject
Global
	GlobalSection(SolutionConfigurationPlatforms) = preSolution
		Debug|Any CPU = Debug|Any CPU
		Release|Any CPU = Release|Any CPU
	EndGlobalSection
	GlobalSection(ProjectConfigurationPlatforms) = postSolution
		{08F67832-5949-4701-8F1D-1908FB6F956A}.Debug|Any CPU.ActiveCfg = Debug|Any CPU
		{08F67832-5949-4701-8F1D-1908FB6F956A}.Debug|Any CPU.Build.0 = Debug|Any CPU
		{08F67832-5949-4701-8F1D-1908FB6F956A}.Release|Any CPU.ActiveCfg = Release|Any CPU
		{08F67832-5949-4701-8F1D-1908FB6F956A}.Release|Any CPU.Build.0 = Release|Any CPU
		{F8C35AA4-B362-4EA3-AE23-5506E43175AD}.Debug|Any CPU.ActiveCfg = Debug|Any CPU
		{F8C35AA4-B362-4EA3-AE23-5506E43175AD}.Debug|Any CPU.Build.0 = Debug|Any CPU
		{F8C35AA4-B362-4EA3-AE23-5506E43175AD}.Release|Any CPU.ActiveCfg = Release|Any CPU
		{F8C35AA4-B362-4EA3-AE23-5506E43175AD}.Release|Any CPU.Build.0 = Release|Any CPU
	EndGlobalSection
	GlobalSection(SolutionProperties) = preSolution
		HideSolutionNode = FALSE
	EndGlobalSection
EndGlobal
